// !$*UTF8*$!
{
	archiveVersion = 1;
	classes = {
	};
	objectVersion = 50;
	objects = {

/* Begin PBXBuildFile section */
		831FBD9D22693FFD00546A0A /* AppDelegate.swift in Sources */ = {isa = PBXBuildFile; fileRef = 831FBD9C22693FFD00546A0A /* AppDelegate.swift */; };
		831FBD9F22693FFD00546A0A /* BreachViewController.swift in Sources */ = {isa = PBXBuildFile; fileRef = 831FBD9E22693FFD00546A0A /* BreachViewController.swift */; };
		831FBDA222693FFD00546A0A /* Main.storyboard in Resources */ = {isa = PBXBuildFile; fileRef = 831FBDA022693FFD00546A0A /* Main.storyboard */; };
		831FBDA422693FFE00546A0A /* Assets.xcassets in Resources */ = {isa = PBXBuildFile; fileRef = 831FBDA322693FFE00546A0A /* Assets.xcassets */; };
		831FBDA722693FFE00546A0A /* LaunchScreen.storyboard in Resources */ = {isa = PBXBuildFile; fileRef = 831FBDA522693FFE00546A0A /* LaunchScreen.storyboard */; };
		831FBDB222693FFE00546A0A /* BreachesTests.swift in Sources */ = {isa = PBXBuildFile; fileRef = 831FBDB122693FFE00546A0A /* BreachesTests.swift */; };
		831FBDBD2269402500546A0A /* Breach.swift in Sources */ = {isa = PBXBuildFile; fileRef = 831FBDBC2269402500546A0A /* Breach.swift */; };
		831FBDBF2269404C00546A0A /* ApiManager.swift in Sources */ = {isa = PBXBuildFile; fileRef = 831FBDBE2269404C00546A0A /* ApiManager.swift */; };
		831FBDC12269405D00546A0A /* HttpManager.swift in Sources */ = {isa = PBXBuildFile; fileRef = 831FBDC02269405D00546A0A /* HttpManager.swift */; };
		831FBDC32269415300546A0A /* BreachViewModel.swift in Sources */ = {isa = PBXBuildFile; fileRef = 831FBDC22269415300546A0A /* BreachViewModel.swift */; };
/* End PBXBuildFile section */

/* Begin PBXContainerItemProxy section */
		831FBDAE22693FFE00546A0A /* PBXContainerItemProxy */ = {
			isa = PBXContainerItemProxy;
			containerPortal = 831FBD9122693FFD00546A0A /* Project object */;
			proxyType = 1;
			remoteGlobalIDString = 831FBD9822693FFD00546A0A;
			remoteInfo = Breaches;
		};
/* End PBXContainerItemProxy section */

/* Begin PBXFileReference section */
		831FBD9922693FFD00546A0A /* Breaches.app */ = {isa = PBXFileReference; explicitFileType = wrapper.application; includeInIndex = 0; path = Breaches.app; sourceTree = BUILT_PRODUCTS_DIR; };
		831FBD9C22693FFD00546A0A /* AppDelegate.swift */ = {isa = PBXFileReference; lastKnownFileType = sourcecode.swift; path = AppDelegate.swift; sourceTree = "<group>"; };
		831FBD9E22693FFD00546A0A /* BreachViewController.swift */ = {isa = PBXFileReference; lastKnownFileType = sourcecode.swift; path = BreachViewController.swift; sourceTree = "<group>"; };
		831FBDA122693FFD00546A0A /* Base */ = {isa = PBXFileReference; lastKnownFileType = file.storyboard; name = Base; path = Base.lproj/Main.storyboard; sourceTree = "<group>"; };
		831FBDA322693FFE00546A0A /* Assets.xcassets */ = {isa = PBXFileReference; lastKnownFileType = folder.assetcatalog; path = Assets.xcassets; sourceTree = "<group>"; };
		831FBDA622693FFE00546A0A /* Base */ = {isa = PBXFileReference; lastKnownFileType = file.storyboard; name = Base; path = Base.lproj/LaunchScreen.storyboard; sourceTree = "<group>"; };
		831FBDA822693FFE00546A0A /* Info.plist */ = {isa = PBXFileReference; lastKnownFileType = text.plist.xml; path = Info.plist; sourceTree = "<group>"; };
		831FBDAD22693FFE00546A0A /* BreachesTests.xctest */ = {isa = PBXFileReference; explicitFileType = wrapper.cfbundle; includeInIndex = 0; path = BreachesTests.xctest; sourceTree = BUILT_PRODUCTS_DIR; };
		831FBDB122693FFE00546A0A /* BreachesTests.swift */ = {isa = PBXFileReference; lastKnownFileType = sourcecode.swift; path = BreachesTests.swift; sourceTree = "<group>"; };
		831FBDB322693FFE00546A0A /* Info.plist */ = {isa = PBXFileReference; lastKnownFileType = text.plist.xml; path = Info.plist; sourceTree = "<group>"; };
		831FBDBC2269402500546A0A /* Breach.swift */ = {isa = PBXFileReference; lastKnownFileType = sourcecode.swift; path = Breach.swift; sourceTree = "<group>"; };
		831FBDBE2269404C00546A0A /* ApiManager.swift */ = {isa = PBXFileReference; lastKnownFileType = sourcecode.swift; path = ApiManager.swift; sourceTree = "<group>"; };
		831FBDC02269405D00546A0A /* HttpManager.swift */ = {isa = PBXFileReference; lastKnownFileType = sourcecode.swift; path = HttpManager.swift; sourceTree = "<group>"; };
		831FBDC22269415300546A0A /* BreachViewModel.swift */ = {isa = PBXFileReference; lastKnownFileType = sourcecode.swift; path = BreachViewModel.swift; sourceTree = "<group>"; };
		831FBDC82269589300546A0A /* README.md */ = {isa = PBXFileReference; lastKnownFileType = net.daringfireball.markdown; path = README.md; sourceTree = "<group>"; };
/* End PBXFileReference section */

/* Begin PBXFrameworksBuildPhase section */
		831FBD9622693FFD00546A0A /* Frameworks */ = {
			isa = PBXFrameworksBuildPhase;
			buildActionMask = 2147483647;
			files = (
			);
			runOnlyForDeploymentPostprocessing = 0;
		};
		831FBDAA22693FFE00546A0A /* Frameworks */ = {
			isa = PBXFrameworksBuildPhase;
			buildActionMask = 2147483647;
			files = (
			);
			runOnlyForDeploymentPostprocessing = 0;
		};
/* End PBXFrameworksBuildPhase section */

/* Begin PBXGroup section */
		831FBD9022693FFD00546A0A = {
			isa = PBXGroup;
			children = (
				831FBDC82269589300546A0A /* README.md */,
				831FBD9B22693FFD00546A0A /* Breaches */,
				831FBDB022693FFE00546A0A /* BreachesTests */,
				831FBD9A22693FFD00546A0A /* Products */,
			);
			sourceTree = "<group>";
		};
		831FBD9A22693FFD00546A0A /* Products */ = {
			isa = PBXGroup;
			children = (
				831FBD9922693FFD00546A0A /* Breaches.app */,
				831FBDAD22693FFE00546A0A /* BreachesTests.xctest */,
			);
			name = Products;
			sourceTree = "<group>";
		};
		831FBD9B22693FFD00546A0A /* Breaches */ = {
			isa = PBXGroup;
			children = (
				831FBDC9226958D900546A0A /* View */,
				831FBDCA226958F100546A0A /* View Model */,
				831FBDCC2269591800546A0A /* Model */,
				831FBDCB2269590A00546A0A /* Services */,
				831FBDCD2269596000546A0A /* Support files */,
			);
			path = Breaches;
			sourceTree = "<group>";
		};
		831FBDB022693FFE00546A0A /* BreachesTests */ = {
			isa = PBXGroup;
			children = (
				831FBDB122693FFE00546A0A /* BreachesTests.swift */,
				831FBDB322693FFE00546A0A /* Info.plist */,
			);
			path = BreachesTests;
			sourceTree = "<group>";
		};
		831FBDC9226958D900546A0A /* View */ = {
			isa = PBXGroup;
			children = (
				831FBD9E22693FFD00546A0A /* BreachViewController.swift */,
			);
			path = View;
			sourceTree = "<group>";
		};
		831FBDCA226958F100546A0A /* View Model */ = {
			isa = PBXGroup;
			children = (
				831FBDC22269415300546A0A /* BreachViewModel.swift */,
			);
			path = "View Model";
			sourceTree = "<group>";
		};
		831FBDCB2269590A00546A0A /* Services */ = {
			isa = PBXGroup;
			children = (
				831FBDBE2269404C00546A0A /* ApiManager.swift */,
				831FBDC02269405D00546A0A /* HttpManager.swift */,
			);
			path = Services;
			sourceTree = "<group>";
		};
		831FBDCC2269591800546A0A /* Model */ = {
			isa = PBXGroup;
			children = (
				831FBDBC2269402500546A0A /* Breach.swift */,
			);
			path = Model;
			sourceTree = "<group>";
		};
		831FBDCD2269596000546A0A /* Support files */ = {
			isa = PBXGroup;
			children = (
				831FBD9C22693FFD00546A0A /* AppDelegate.swift */,
				831FBDA022693FFD00546A0A /* Main.storyboard */,
				831FBDA522693FFE00546A0A /* LaunchScreen.storyboard */,
				831FBDA822693FFE00546A0A /* Info.plist */,
				831FBDA322693FFE00546A0A /* Assets.xcassets */,
			);
			name = "Support files";
			sourceTree = "<group>";
		};
/* End PBXGroup section */

/* Begin PBXNativeTarget section */
		831FBD9822693FFD00546A0A /* Breaches */ = {
			isa = PBXNativeTarget;
			buildConfigurationList = 831FBDB622693FFE00546A0A /* Build configuration list for PBXNativeTarget "Breaches" */;
			buildPhases = (
				831FBD9522693FFD00546A0A /* Sources */,
				831FBD9622693FFD00546A0A /* Frameworks */,
				831FBD9722693FFD00546A0A /* Resources */,
			);
			buildRules = (
			);
			dependencies = (
			);
			name = Breaches;
			productName = Breaches;
			productReference = 831FBD9922693FFD00546A0A /* Breaches.app */;
			productType = "com.apple.product-type.application";
		};
		831FBDAC22693FFE00546A0A /* BreachesTests */ = {
			isa = PBXNativeTarget;
			buildConfigurationList = 831FBDB922693FFE00546A0A /* Build configuration list for PBXNativeTarget "BreachesTests" */;
			buildPhases = (
				831FBDA922693FFE00546A0A /* Sources */,
				831FBDAA22693FFE00546A0A /* Frameworks */,
				831FBDAB22693FFE00546A0A /* Resources */,
			);
			buildRules = (
			);
			dependencies = (
				831FBDAF22693FFE00546A0A /* PBXTargetDependency */,
			);
			name = BreachesTests;
			productName = BreachesTests;
			productReference = 831FBDAD22693FFE00546A0A /* BreachesTests.xctest */;
			productType = "com.apple.product-type.bundle.unit-test";
		};
/* End PBXNativeTarget section */

/* Begin PBXProject section */
		831FBD9122693FFD00546A0A /* Project object */ = {
			isa = PBXProject;
			attributes = {
				LastSwiftUpdateCheck = 1020;
				LastUpgradeCheck = 1020;
				ORGANIZATIONNAME = "Robert Ryan";
				TargetAttributes = {
					831FBD9822693FFD00546A0A = {
						CreatedOnToolsVersion = 10.2.1;
					};
					831FBDAC22693FFE00546A0A = {
						CreatedOnToolsVersion = 10.2.1;
						TestTargetID = 831FBD9822693FFD00546A0A;
					};
				};
			};
			buildConfigurationList = 831FBD9422693FFD00546A0A /* Build configuration list for PBXProject "Breaches" */;
			compatibilityVersion = "Xcode 9.3";
			developmentRegion = en;
			hasScannedForEncodings = 0;
			knownRegions = (
				en,
				Base,
			);
			mainGroup = 831FBD9022693FFD00546A0A;
			productRefGroup = 831FBD9A22693FFD00546A0A /* Products */;
			projectDirPath = "";
			projectRoot = "";
			targets = (
				831FBD9822693FFD00546A0A /* Breaches */,
				831FBDAC22693FFE00546A0A /* BreachesTests */,
			);
		};
/* End PBXProject section */

/* Begin PBXResourcesBuildPhase section */
		831FBD9722693FFD00546A0A /* Resources */ = {
			isa = PBXResourcesBuildPhase;
			buildActionMask = 2147483647;
			files = (
				831FBDA722693FFE00546A0A /* LaunchScreen.storyboard in Resources */,
				831FBDA422693FFE00546A0A /* Assets.xcassets in Resources */,
				831FBDA222693FFD00546A0A /* Main.storyboard in Resources */,
			);
			runOnlyForDeploymentPostprocessing = 0;
		};
		831FBDAB22693FFE00546A0A /* Resources */ = {
			isa = PBXResourcesBuildPhase;
			buildActionMask = 2147483647;
			files = (
			);
			runOnlyForDeploymentPostprocessing = 0;
		};
/* End PBXResourcesBuildPhase section */

/* Begin PBXSourcesBuildPhase section */
		831FBD9522693FFD00546A0A /* Sources */ = {
			isa = PBXSourcesBuildPhase;
			buildActionMask = 2147483647;
			files = (
				831FBDBF2269404C00546A0A /* ApiManager.swift in Sources */,
				831FBDC32269415300546A0A /* BreachViewModel.swift in Sources */,
				831FBDC12269405D00546A0A /* HttpManager.swift in Sources */,
				831FBDBD2269402500546A0A /* Breach.swift in Sources */,
				831FBD9F22693FFD00546A0A /* BreachViewController.swift in Sources */,
				831FBD9D22693FFD00546A0A /* AppDelegate.swift in Sources */,
			);
			runOnlyForDeploymentPostprocessing = 0;
		};
		831FBDA922693FFE00546A0A /* Sources */ = {
			isa = PBXSourcesBuildPhase;
			buildActionMask = 2147483647;
			files = (
				831FBDB222693FFE00546A0A /* BreachesTests.swift in Sources */,
			);
			runOnlyForDeploymentPostprocessing = 0;
		};
/* End PBXSourcesBuildPhase section */

/* Begin PBXTargetDependency section */
		831FBDAF22693FFE00546A0A /* PBXTargetDependency */ = {
			isa = PBXTargetDependency;
			target = 831FBD9822693FFD00546A0A /* Breaches */;
			targetProxy = 831FBDAE22693FFE00546A0A /* PBXContainerItemProxy */;
		};
/* End PBXTargetDependency section */

/* Begin PBXVariantGroup section */
		831FBDA022693FFD00546A0A /* Main.storyboard */ = {
			isa = PBXVariantGroup;
			children = (
				831FBDA122693FFD00546A0A /* Base */,
			);
			name = Main.storyboard;
			sourceTree = "<group>";
		};
		831FBDA522693FFE00546A0A /* LaunchScreen.storyboard */ = {
			isa = PBXVariantGroup;
			children = (
				831FBDA622693FFE00546A0A /* Base */,
			);
			name = LaunchScreen.storyboard;
			sourceTree = "<group>";
		};
/* End PBXVariantGroup section */

/* Begin XCBuildConfiguration section */
		831FBDB422693FFE00546A0A /* Debug */ = {
			isa = XCBuildConfiguration;
			buildSettings = {
				ALWAYS_SEARCH_USER_PATHS = NO;
				CLANG_ANALYZER_NONNULL = YES;
				CLANG_ANALYZER_NUMBER_OBJECT_CONVERSION = YES_AGGRESSIVE;
				CLANG_CXX_LANGUAGE_STANDARD = "gnu++14";
				CLANG_CXX_LIBRARY = "libc++";
				CLANG_ENABLE_MODULES = YES;
				CLANG_ENABLE_OBJC_ARC = YES;
				CLANG_ENABLE_OBJC_WEAK = YES;
				CLANG_WARN_BLOCK_CAPTURE_AUTORELEASING = YES;
				CLANG_WARN_BOOL_CONVERSION = YES;
				CLANG_WARN_COMMA = YES;
				CLANG_WARN_CONSTANT_CONVERSION = YES;
				CLANG_WARN_DEPRECATED_OBJC_IMPLEMENTATIONS = YES;
				CLANG_WARN_DIRECT_OBJC_ISA_USAGE = YES_ERROR;
				CLANG_WARN_DOCUMENTATION_COMMENTS = YES;
				CLANG_WARN_EMPTY_BODY = YES;
				CLANG_WARN_ENUM_CONVERSION = YES;
				CLANG_WARN_INFINITE_RECURSION = YES;
				CLANG_WARN_INT_CONVERSION = YES;
				CLANG_WARN_NON_LITERAL_NULL_CONVERSION = YES;
				CLANG_WARN_OBJC_IMPLICIT_RETAIN_SELF = YES;
				CLANG_WARN_OBJC_LITERAL_CONVERSION = YES;
				CLANG_WARN_OBJC_ROOT_CLASS = YES_ERROR;
				CLANG_WARN_RANGE_LOOP_ANALYSIS = YES;
				CLANG_WARN_STRICT_PROTOTYPES = YES;
				CLANG_WARN_SUSPICIOUS_MOVE = YES;
				CLANG_WARN_UNGUARDED_AVAILABILITY = YES_AGGRESSIVE;
				CLANG_WARN_UNREACHABLE_CODE = YES;
				CLANG_WARN__DUPLICATE_METHOD_MATCH = YES;
				CODE_SIGN_IDENTITY = "iPhone Developer";
				COPY_PHASE_STRIP = NO;
				DEBUG_INFORMATION_FORMAT = dwarf;
				ENABLE_STRICT_OBJC_MSGSEND = YES;
				ENABLE_TESTABILITY = YES;
				GCC_C_LANGUAGE_STANDARD = gnu11;
				GCC_DYNAMIC_NO_PIC = NO;
				GCC_NO_COMMON_BLOCKS = YES;
				GCC_OPTIMIZATION_LEVEL = 0;
				GCC_PREPROCESSOR_DEFINITIONS = (
					"DEBUG=1",
					"$(inherited)",
				);
				GCC_WARN_64_TO_32_BIT_CONVERSION = YES;
				GCC_WARN_ABOUT_RETURN_TYPE = YES_ERROR;
				GCC_WARN_UNDECLARED_SELECTOR = YES;
				GCC_WARN_UNINITIALIZED_AUTOS = YES_AGGRESSIVE;
				GCC_WARN_UNUSED_FUNCTION = YES;
				GCC_WARN_UNUSED_VARIABLE = YES;
				IPHONEOS_DEPLOYMENT_TARGET = 12.2;
				MTL_ENABLE_DEBUG_INFO = INCLUDE_SOURCE;
				MTL_FAST_MATH = YES;
				ONLY_ACTIVE_ARCH = YES;
				SDKROOT = iphoneos;
				SWIFT_ACTIVE_COMPILATION_CONDITIONS = DEBUG;
				SWIFT_OPTIMIZATION_LEVEL = "-Onone";
			};
			name = Debug;
		};
		831FBDB522693FFE00546A0A /* Release */ = {
			isa = XCBuildConfiguration;
			buildSettings = {
				ALWAYS_SEARCH_USER_PATHS = NO;
				CLANG_ANALYZER_NONNULL = YES;
				CLANG_ANALYZER_NUMBER_OBJECT_CONVERSION = YES_AGGRESSIVE;
				CLANG_CXX_LANGUAGE_STANDARD = "gnu++14";
				CLANG_CXX_LIBRARY = "libc++";
				CLANG_ENABLE_MODULES = YES;
				CLANG_ENABLE_OBJC_ARC = YES;
				CLANG_ENABLE_OBJC_WEAK = YES;
				CLANG_WARN_BLOCK_CAPTURE_AUTORELEASING = YES;
				CLANG_WARN_BOOL_CONVERSION = YES;
				CLANG_WARN_COMMA = YES;
				CLANG_WARN_CONSTANT_CONVERSION = YES;
				CLANG_WARN_DEPRECATED_OBJC_IMPLEMENTATIONS = YES;
				CLANG_WARN_DIRECT_OBJC_ISA_USAGE = YES_ERROR;
				CLANG_WARN_DOCUMENTATION_COMMENTS = YES;
				CLANG_WARN_EMPTY_BODY = YES;
				CLANG_WARN_ENUM_CONVERSION = YES;
				CLANG_WARN_INFINITE_RECURSION = YES;
				CLANG_WARN_INT_CONVERSION = YES;
				CLANG_WARN_NON_LITERAL_NULL_CONVERSION = YES;
				CLANG_WARN_OBJC_IMPLICIT_RETAIN_SELF = YES;
				CLANG_WARN_OBJC_LITERAL_CONVERSION = YES;
				CLANG_WARN_OBJC_ROOT_CLASS = YES_ERROR;
				CLANG_WARN_RANGE_LOOP_ANALYSIS = YES;
				CLANG_WARN_STRICT_PROTOTYPES = YES;
				CLANG_WARN_SUSPICIOUS_MOVE = YES;
				CLANG_WARN_UNGUARDED_AVAILABILITY = YES_AGGRESSIVE;
				CLANG_WARN_UNREACHABLE_CODE = YES;
				CLANG_WARN__DUPLICATE_METHOD_MATCH = YES;
				CODE_SIGN_IDENTITY = "iPhone Developer";
				COPY_PHASE_STRIP = NO;
				DEBUG_INFORMATION_FORMAT = "dwarf-with-dsym";
				ENABLE_NS_ASSERTIONS = NO;
				ENABLE_STRICT_OBJC_MSGSEND = YES;
				GCC_C_LANGUAGE_STANDARD = gnu11;
				GCC_NO_COMMON_BLOCKS = YES;
				GCC_WARN_64_TO_32_BIT_CONVERSION = YES;
				GCC_WARN_ABOUT_RETURN_TYPE = YES_ERROR;
				GCC_WARN_UNDECLARED_SELECTOR = YES;
				GCC_WARN_UNINITIALIZED_AUTOS = YES_AGGRESSIVE;
				GCC_WARN_UNUSED_FUNCTION = YES;
				GCC_WARN_UNUSED_VARIABLE = YES;
				IPHONEOS_DEPLOYMENT_TARGET = 12.2;
				MTL_ENABLE_DEBUG_INFO = NO;
				MTL_FAST_MATH = YES;
				SDKROOT = iphoneos;
				SWIFT_COMPILATION_MODE = wholemodule;
				SWIFT_OPTIMIZATION_LEVEL = "-O";
				VALIDATE_PRODUCT = YES;
			};
			name = Release;
		};
		831FBDB722693FFE00546A0A /* Debug */ = {
			isa = XCBuildConfiguration;
			buildSettings = {
				ASSETCATALOG_COMPILER_APPICON_NAME = AppIcon;
				CODE_SIGN_STYLE = Automatic;
				INFOPLIST_FILE = Breaches/Info.plist;
				LD_RUNPATH_SEARCH_PATHS = (
					"$(inherited)",
					"@executable_path/Frameworks",
				);
				PRODUCT_BUNDLE_IDENTIFIER = com.robertmryan.Breaches;
				PRODUCT_NAME = "$(TARGET_NAME)";
				SWIFT_VERSION = 5.0;
				TARGETED_DEVICE_FAMILY = "1,2";
			};
			name = Debug;
		};
		831FBDB822693FFE00546A0A /* Release */ = {
			isa = XCBuildConfiguration;
			buildSettings = {
				ASSETCATALOG_COMPILER_APPICON_NAME = AppIcon;
				CODE_SIGN_STYLE = Automatic;
				INFOPLIST_FILE = Breaches/Info.plist;
				LD_RUNPATH_SEARCH_PATHS = (
					"$(inherited)",
					"@executable_path/Frameworks",
				);
				PRODUCT_BUNDLE_IDENTIFIER = com.robertmryan.Breaches;
				PRODUCT_NAME = "$(TARGET_NAME)";
				SWIFT_VERSION = 5.0;
				TARGETED_DEVICE_FAMILY = "1,2";
			};
			name = Release;
		};
		831FBDBA22693FFE00546A0A /* Debug */ = {
			isa = XCBuildConfiguration;
			buildSettings = {
				ALWAYS_EMBED_SWIFT_STANDARD_LIBRARIES = YES;
				BUNDLE_LOADER = "$(TEST_HOST)";
				CODE_SIGN_STYLE = Automatic;
				INFOPLIST_FILE = BreachesTests/Info.plist;
				LD_RUNPATH_SEARCH_PATHS = (
					"$(inherited)",
					"@executable_path/Frameworks",
					"@loader_path/Frameworks",
				);
				PRODUCT_BUNDLE_IDENTIFIER = com.robertmryan.BreachesTests;
				PRODUCT_NAME = "$(TARGET_NAME)";
				SWIFT_VERSION = 5.0;
				TARGETED_DEVICE_FAMILY = "1,2";
				TEST_HOST = "$(BUILT_PRODUCTS_DIR)/Breaches.app/Breaches";
			};
			name = Debug;
		};
		831FBDBB22693FFE00546A0A /* Release */ = {
			isa = XCBuildConfiguration;
			buildSettings = {
				ALWAYS_EMBED_SWIFT_STANDARD_LIBRARIES = YES;
				BUNDLE_LOADER = "$(TEST_HOST)";
				CODE_SIGN_STYLE = Automatic;
				INFOPLIST_FILE = BreachesTests/Info.plist;
				LD_RUNPATH_SEARCH_PATHS = (
					"$(inherited)",
					"@executable_path/Frameworks",
					"@loader_path/Frameworks",
				);
				PRODUCT_BUNDLE_IDENTIFIER = com.robertmryan.BreachesTests;
				PRODUCT_NAME = "$(TARGET_NAME)";
				SWIFT_VERSION = 5.0;
				TARGETED_DEVICE_FAMILY = "1,2";
				TEST_HOST = "$(BUILT_PRODUCTS_DIR)/Breaches.app/Breaches";
			};
			name = Release;
		};
/* End XCBuildConfiguration section */

/* Begin XCConfigurationList section */
		831FBD9422693FFD00546A0A /* Build configuration list for PBXProject "Breaches" */ = {
			isa = XCConfigurationList;
			buildConfigurations = (
				831FBDB422693FFE00546A0A /* Debug */,
				831FBDB522693FFE00546A0A /* Release */,
			);
			defaultConfigurationIsVisible = 0;
			defaultConfigurationName = Release;
		};
		831FBDB622693FFE00546A0A /* Build configuration list for PBXNativeTarget "Breaches" */ = {
			isa = XCConfigurationList;
			buildConfigurations = (
				831FBDB722693FFE00546A0A /* Debug */,
				831FBDB822693FFE00546A0A /* Release */,
			);
			defaultConfigurationIsVisible = 0;
			defaultConfigurationName = Release;
		};
		831FBDB922693FFE00546A0A /* Build configuration list for PBXNativeTarget "BreachesTests" */ = {
			isa = XCConfigurationList;
			buildConfigurations = (
				831FBDBA22693FFE00546A0A /* Debug */,
				831FBDBB22693FFE00546A0A /* Release */,
			);
			defaultConfigurationIsVisible = 0;
			defaultConfigurationName = Release;
		};
/* End XCConfigurationList section */
	};
	rootObject = 831FBD9122693FFD00546A0A /* Project object */;
}
